
Microsoft Visual Studio Solution File, Format Version 12.00
# Visual Studio Version 17
VisualStudioVersion = 17.11.35219.272
MinimumVisualStudioVersion = 10.0.40219.1
Project("{FAE04EC0-301F-11D3-BF4B-00C04F79EFBC}") = "ParkingManager", "ParkingManager\ParkingManager.csproj", "{FE2FBE34-1AA3-4AF8-954B-E9F58D59563F}"
EndProject
Global
	GlobalSection(SolutionConfigurationPlatforms) = preSolution
		Debug|Any CPU = Debug|Any CPU
		Release|Any CPU = Release|Any CPU
	EndGlobalSection
	GlobalSection(ProjectConfigurationPlatforms) = postSolution
		{FE2FBE34-1AA3-4AF8-954B-E9F58D59563F}.Debug|Any CPU.ActiveCfg = Debug|Any CPU
		{FE2FBE34-1AA3-4AF8-954B-E9F58D59563F}.Debug|Any CPU.Build.0 = Debug|Any CPU
		{FE2FBE34-1AA3-4AF8-954B-E9F58D59563F}.Release|Any CPU.ActiveCfg = Release|Any CPU
		{FE2FBE34-1AA3-4AF8-954B-E9F58D59563F}.Release|Any CPU.Build.0 = Release|Any CPU
	EndGlobalSection
	GlobalSection(SolutionProperties) = preSolution
		HideSolutionNode = FALSE
	EndGlobalSection
	GlobalSection(ExtensibilityGlobals) = postSolution
		SolutionGuid = {0B5848A9-5529-44B2-A61F-DE9F8960EF74}
	EndGlobalSection
EndGlobal
